
Microsoft Visual Studio Solution File, Format Version 12.00
# Visual Studio Version 16
VisualStudioVersion = 16.0.31321.278
MinimumVisualStudioVersion = 10.0.40219.1
Project("{FAE04EC0-301F-11D3-BF4B-00C04F79EFBC}") = "Task008", "Task008\Task008.csproj", "{0B0D5589-0223-4519-96C6-6356980B1B6C}"
EndProject
Project("{FAE04EC0-301F-11D3-BF4B-00C04F79EFBC}") = "TestProjectTask008", "TestProjectTask008\TestProjectTask008.csproj", "{8C5A02E4-1B7D-4772-9C9F-DE4B30D92049}"
EndProject
Global
	GlobalSection(SolutionConfigurationPlatforms) = preSolution
		Debug|Any CPU = Debug|Any CPU
		Release|Any CPU = Release|Any CPU
	EndGlobalSection
	GlobalSection(ProjectConfigurationPlatforms) = postSolution
		{0B0D5589-0223-4519-96C6-6356980B1B6C}.Debug|Any CPU.ActiveCfg = Debug|Any CPU
		{0B0D5589-0223-4519-96C6-6356980B1B6C}.Debug|Any CPU.Build.0 = Debug|Any CPU
		{0B0D5589-0223-4519-96C6-6356980B1B6C}.Release|Any CPU.ActiveCfg = Release|Any CPU
		{0B0D5589-0223-4519-96C6-6356980B1B6C}.Release|Any CPU.Build.0 = Release|Any CPU
		{8C5A02E4-1B7D-4772-9C9F-DE4B30D92049}.Debug|Any CPU.ActiveCfg = Debug|Any CPU
		{8C5A02E4-1B7D-4772-9C9F-DE4B30D92049}.Debug|Any CPU.Build.0 = Debug|Any CPU
		{8C5A02E4-1B7D-4772-9C9F-DE4B30D92049}.Release|Any CPU.ActiveCfg = Release|Any CPU
		{8C5A02E4-1B7D-4772-9C9F-DE4B30D92049}.Release|Any CPU.Build.0 = Release|Any CPU
	EndGlobalSection
	GlobalSection(SolutionProperties) = preSolution
		HideSolutionNode = FALSE
	EndGlobalSection
	GlobalSection(ExtensibilityGlobals) = postSolution
		SolutionGuid = {71F84810-ECE1-4800-8D7A-21053C2DC572}
	EndGlobalSection
EndGlobal
